{
  "name": "@skimp/server",
  "version": "1.4.0",
  "lockfileVersion": 1,
  "requires": true,
  "dependencies": {
    "@cleavera/utils": {
      "version": "2.4.0",
      "resolved": "https://registry.npmjs.org/@cleavera/utils/-/utils-2.4.0.tgz",
      "integrity": "sha512-hnOLx1YANwlA8dxNSTaFlrbrUGeOOgnJCVvFBtvXOCf4DXUzTc/0zsSNfeTX0Eem82pSV/ddd3TaG7t5jvGKkg==",
      "requires": {
        "uuid": "^3.3.2"
      }
    },
    "@skimp/debug": {
      "version": "1.2.0",
      "resolved": "https://registry.npmjs.org/@skimp/debug/-/debug-1.2.0.tgz",
      "integrity": "sha512-cBtOPtF8s/laN23WgzZ+WDMLvIsDI3gdoATJ8BIvlWc7Jal7sq9gnQhLa1mSGi3C9FiKbYikmsXsWfL10zwOnA==",
      "dev": true,
      "requires": {
        "@cleavera/utils": "^2.4.0"
      }
    },
    "@skimp/http": {
      "version": "1.2.0",
      "resolved": "https://registry.npmjs.org/@skimp/http/-/http-1.2.0.tgz",
      "integrity": "sha512-fJpiHsi+1LGi7zyx/mnkguur1ItwAqtv261HI8ZCRaZSwBVtRsQHtF750WlpsTnsRHKvYGI7KIa/Yn36kjlLSw==",
      "dev": true,
      "requires": {
        "@cleavera/utils": "^2.4.0"
      }
    },
    "@types/node": {
      "version": "10.12.17",
      "resolved": "https://registry.npmjs.org/@types/node/-/node-10.12.17.tgz",
      "integrity": "sha512-umSCRkjWH70uNzFiOof5yxCqrMXIBJ9UJJUzbEsmtWt8apURQh06pylGMqnhdjHGJSeoBrhzk+mibu6NgL1oBA=="
    },
    "typescript": {
      "version": "3.2.2",
      "resolved": "https://registry.npmjs.org/typescript/-/typescript-3.2.2.tgz",
      "integrity": "sha512-VCj5UiSyHBjwfYacmDuc/NOk4QQixbE+Wn7MFJuS0nRuPQbof132Pw4u53dm264O8LPc2MVsc7RJNml5szurkg==",
      "dev": true
    },
    "uuid": {
      "version": "3.3.2",
      "resolved": "https://registry.npmjs.org/uuid/-/uuid-3.3.2.tgz",
      "integrity": "sha512-yXJmeNaw3DnnKAOKJE51sL/ZaYfWJRl1pK9dr19YFCu0ObS231AB1/LbqTKRAQ5kw8A90rA6fr4riOUpTZvQZA=="
    }
  }
}
