{
  "name": "@skimp/file-system",
  "version": "1.3.0",
  "lockfileVersion": 1,
  "requires": true,
  "dependencies": {
    "@cleavera/utils": {
      "version": "2.4.0",
      "resolved": "https://registry.npmjs.org/@cleavera/utils/-/utils-2.4.0.tgz",
      "integrity": "sha512-hnOLx1YANwlA8dxNSTaFlrbrUGeOOgnJCVvFBtvXOCf4DXUzTc/0zsSNfeTX0Eem82pSV/ddd3TaG7t5jvGKkg==",
      "requires": {
        "uuid": "^3.3.2"
      }
    },
    "@skimp/core": {
      "version": "2.0.0",
      "resolved": "https://registry.npmjs.org/@skimp/core/-/core-2.0.0.tgz",
      "integrity": "sha512-y4S4Cx9VZ4Ed2Wh5S4ZK5vlGCxX1sanpsKcuWdYgpaaLJe1Dg3ojtw9lwUTQjSysoO9rA+ZhM09MOQ2pA7JvAA==",
      "dev": true,
      "requires": {
        "@types/uuid": "^3.4.3",
        "uuid": "^3.3.2"
      }
    },
    "@skimp/debug": {
      "version": "1.1.0",
      "resolved": "https://registry.npmjs.org/@skimp/debug/-/debug-1.1.0.tgz",
      "integrity": "sha512-0Evg3K2gWGrDsvwWfkYikbuW9mrgqY6WatqTbGLrO+npUXsvZAef2bTTbYmxgu/KhubF81CObdv8VcPOMUY4+Q==",
      "dev": true
    },
    "@skimp/http": {
      "version": "1.0.0",
      "resolved": "https://registry.npmjs.org/@skimp/http/-/http-1.0.0.tgz",
      "integrity": "sha512-mv+PJTXtgxlESDqsJAo4UAWHsgpcFnHMAyfeY3BGJwI66q2s48OrzhrjzE1nLuK2wEjV11xlJWS1MLkkRG6LzA==",
      "dev": true,
      "requires": {
        "@skimp/shared": "^1.0.1"
      }
    },
    "@skimp/schema": {
      "version": "2.0.0",
      "resolved": "https://registry.npmjs.org/@skimp/schema/-/schema-2.0.0.tgz",
      "integrity": "sha512-IG36/yITMSY9VDRixSqJPJ21ZuMy7mj3/DlMmwMYdhL/gCDUc/P41OecA9MAubZKRcmDF2s8gOk7iNmObgMf5g==",
      "dev": true
    },
    "@skimp/shared": {
      "version": "1.4.0",
      "resolved": "https://registry.npmjs.org/@skimp/shared/-/shared-1.4.0.tgz",
      "integrity": "sha512-6MZofbWp5oNmaoWka+Sthu266nppO6BnCvrhF+slpxZU5s+EaIVQ1yzomigIeW/+dhttPj17BrqO2VLzVRSEgw==",
      "dev": true
    },
    "@types/node": {
      "version": "10.5.2",
      "resolved": "https://registry.npmjs.org/@types/node/-/node-10.5.2.tgz",
      "integrity": "sha512-m9zXmifkZsMHZBOyxZWilMwmTlpC8x5Ty360JKTiXvlXZfBWYpsg9ZZvP/Ye+iZUh+Q+MxDLjItVTWIsfwz+8Q=="
    },
    "@types/uuid": {
      "version": "3.4.3",
      "resolved": "https://registry.npmjs.org/@types/uuid/-/uuid-3.4.3.tgz",
      "integrity": "sha512-5fRLCYhLtDb3hMWqQyH10qtF+Ud2JnNCXTCZ+9ktNdCcgslcuXkDTkFcJNk++MT29yDntDnlF1+jD+uVGumsbw==",
      "dev": true,
      "requires": {
        "@types/node": "*"
      }
    },
    "typescript": {
      "version": "3.2.2",
      "resolved": "https://registry.npmjs.org/typescript/-/typescript-3.2.2.tgz",
      "integrity": "sha512-VCj5UiSyHBjwfYacmDuc/NOk4QQixbE+Wn7MFJuS0nRuPQbof132Pw4u53dm264O8LPc2MVsc7RJNml5szurkg==",
      "dev": true
    },
    "uuid": {
      "version": "3.3.2",
      "resolved": "https://registry.npmjs.org/uuid/-/uuid-3.3.2.tgz",
      "integrity": "sha512-yXJmeNaw3DnnKAOKJE51sL/ZaYfWJRl1pK9dr19YFCu0ObS231AB1/LbqTKRAQ5kw8A90rA6fr4riOUpTZvQZA=="
    }
  }
}
