{
  "name": "@skimp/quickstart",
  "version": "2.1.0",
  "lockfileVersion": 2,
  "requires": true,
  "packages": {
    "": {
      "name": "@skimp/quickstart",
      "version": "2.1.0",
      "license": "ISC",
      "dependencies": {
        "@cleavera/utils": "^3.6.1",
        "@skimp/core": "^3.0.0",
        "@skimp/debug": "^1.3.0",
        "@skimp/file-system": "^2.1.0",
        "@skimp/http": "^4.0.0",
        "@skimp/json-api": "^3.0.1",
        "@skimp/json-file": "^3.2.0",
        "@skimp/router": "^2.0.0",
        "@skimp/schema": "^2.5.0",
        "@skimp/server": "^4.0.0",
        "@skimp/validation": "^2.1.0"
      },
      "devDependencies": {
        "ts-node": "^7.0.1",
        "typescript": "^3.5.3"
      }
    },
    "node_modules/@cleavera/utils": {
      "version": "3.6.1",
      "resolved": "https://registry.npmjs.org/@cleavera/utils/-/utils-3.6.1.tgz",
      "integrity": "sha512-uSBS6//bxWrTIdfuchXOonyDl5i/EuLe0nJ5du1WrAS7lMUECTEfj733FuFBGHMZY7dv+JzZ4wOrcFNPfK06Ag==",
      "dependencies": {
        "uuid": "^3.3.2"
      }
    },
    "node_modules/@skimp/core": {
      "version": "3.0.0",
      "resolved": "https://registry.npmjs.org/@skimp/core/-/core-3.0.0.tgz",
      "integrity": "sha512-e114n0gFEDiwQB/bnOrec8svRKMRQvTICb9nGBsX79HseCS2xl2YzdQfAONlRtLFhUUnmc82zgWLt3wx+9v2XA==",
      "dependencies": {
        "@cleavera/utils": "^2.6.0",
        "@types/uuid": "^3.4.5",
        "uuid": "^3.3.2"
      }
    },
    "node_modules/@skimp/core/node_modules/@cleavera/utils": {
      "version": "2.6.0",
      "resolved": "https://registry.npmjs.org/@cleavera/utils/-/utils-2.6.0.tgz",
      "integrity": "sha512-VDtO/YLuwq1shGV7nUHSbzR0X/QeRnvuBiowT1HtaB+2AmLfnWKv57SKaVWnTzSqy1+AzOYAF0U08AoWJUgtig==",
      "dependencies": {
        "uuid": "^3.3.2"
      }
    },
    "node_modules/@skimp/debug": {
      "version": "1.3.0",
      "resolved": "https://registry.npmjs.org/@skimp/debug/-/debug-1.3.0.tgz",
      "integrity": "sha512-/kRMLaOodUxrN+jIh/AUdLkNlPF9OOAweT1C3qQRrwX1R9gO+a4kNmmrxekbjCXGzQonxs/IapfG6miHKPNgDA==",
      "dependencies": {
        "@cleavera/utils": "^2.4.0"
      }
    },
    "node_modules/@skimp/debug/node_modules/@cleavera/utils": {
      "version": "2.6.0",
      "resolved": "https://registry.npmjs.org/@cleavera/utils/-/utils-2.6.0.tgz",
      "integrity": "sha512-VDtO/YLuwq1shGV7nUHSbzR0X/QeRnvuBiowT1HtaB+2AmLfnWKv57SKaVWnTzSqy1+AzOYAF0U08AoWJUgtig==",
      "dependencies": {
        "uuid": "^3.3.2"
      }
    },
    "node_modules/@skimp/file-system": {
      "version": "2.1.0",
      "resolved": "https://registry.npmjs.org/@skimp/file-system/-/file-system-2.1.0.tgz",
      "integrity": "sha512-6gmQ2/HgikufIW4B6vfTQLD5x2oxnZQ3BKjeIS4XVei61ya8SPaU6SqmBai0eqGSML5CCSabUlVSK2oYW212lw==",
      "dependencies": {
        "@cleavera/utils": "^2.6.0",
        "@types/node": "^10.14.14"
      },
      "peerDependencies": {
        "@skimp/core": "^3.0.0",
        "@skimp/json-file": "^3.2.0",
        "@skimp/schema": "^2.5.0"
      }
    },
    "node_modules/@skimp/file-system/node_modules/@cleavera/utils": {
      "version": "2.6.0",
      "resolved": "https://registry.npmjs.org/@cleavera/utils/-/utils-2.6.0.tgz",
      "integrity": "sha512-VDtO/YLuwq1shGV7nUHSbzR0X/QeRnvuBiowT1HtaB+2AmLfnWKv57SKaVWnTzSqy1+AzOYAF0U08AoWJUgtig==",
      "dependencies": {
        "uuid": "^3.3.2"
      }
    },
    "node_modules/@skimp/file-system/node_modules/@types/node": {
      "version": "10.14.14",
      "resolved": "https://registry.npmjs.org/@types/node/-/node-10.14.14.tgz",
      "integrity": "sha512-xXD08vZsvpv4xptQXj1+ky22f7ZoKu5ZNI/4l+/BXG3X+XaeZsmaFbbTKuhSE3NjjvRuZFxFf9sQBMXIcZNFMQ=="
    },
    "node_modules/@skimp/http": {
      "version": "4.0.0",
      "resolved": "https://registry.npmjs.org/@skimp/http/-/http-4.0.0.tgz",
      "integrity": "sha512-KWt+xAmjqu9XwLz1dLcNXOAES2OtwvTeqWcO1/d7K09a9pLNkYfbvhu/zudSk4LHKij/DphIkp4u7Ytj0nx1+Q==",
      "dependencies": {
        "@cleavera/utils": "^2.6.0"
      },
      "peerDependencies": {
        "@skimp/core": "^3.0.0",
        "@skimp/debug": "^1.3.0",
        "@skimp/router": "^2.0.0",
        "@skimp/schema": "^2.5.0"
      }
    },
    "node_modules/@skimp/http/node_modules/@cleavera/utils": {
      "version": "2.6.0",
      "resolved": "https://registry.npmjs.org/@cleavera/utils/-/utils-2.6.0.tgz",
      "integrity": "sha512-VDtO/YLuwq1shGV7nUHSbzR0X/QeRnvuBiowT1HtaB+2AmLfnWKv57SKaVWnTzSqy1+AzOYAF0U08AoWJUgtig==",
      "dependencies": {
        "uuid": "^3.3.2"
      }
    },
    "node_modules/@skimp/json-api": {
      "version": "3.0.1",
      "resolved": "https://registry.npmjs.org/@skimp/json-api/-/json-api-3.0.1.tgz",
      "integrity": "sha512-0uX1JN0YfhFZBZrQitXswteDkW0rzQYVbGCRamxLiPQ6NupH29ZN5eIA95AVCLFQuetJ6T102ji/zpGBHWqF6A==",
      "dependencies": {
        "@cleavera/utils": "^2.6.0"
      },
      "peerDependencies": {
        "@skimp/core": "^3.0.0",
        "@skimp/router": "^2.0.0",
        "@skimp/schema": "^2.5.0",
        "@skimp/validation": "^2.1.0"
      }
    },
    "node_modules/@skimp/json-api/node_modules/@cleavera/utils": {
      "version": "2.6.0",
      "resolved": "https://registry.npmjs.org/@cleavera/utils/-/utils-2.6.0.tgz",
      "integrity": "sha512-VDtO/YLuwq1shGV7nUHSbzR0X/QeRnvuBiowT1HtaB+2AmLfnWKv57SKaVWnTzSqy1+AzOYAF0U08AoWJUgtig==",
      "dependencies": {
        "uuid": "^3.3.2"
      }
    },
    "node_modules/@skimp/json-file": {
      "version": "3.2.0",
      "resolved": "https://registry.npmjs.org/@skimp/json-file/-/json-file-3.2.0.tgz",
      "integrity": "sha512-p++qOz8qHC3s6cIPoszNUCHM9/6jTRyfPiRRnDwDTDDG55aXu7VkBCMJVFZRhEk0CzlRPxfeqt4fRZM9OQt7nQ==",
      "dependencies": {
        "@cleavera/utils": "^2.6.0"
      },
      "peerDependencies": {
        "@skimp/core": "^3.0.0",
        "@skimp/schema": "^2.5.0"
      }
    },
    "node_modules/@skimp/json-file/node_modules/@cleavera/utils": {
      "version": "2.6.0",
      "resolved": "https://registry.npmjs.org/@cleavera/utils/-/utils-2.6.0.tgz",
      "integrity": "sha512-VDtO/YLuwq1shGV7nUHSbzR0X/QeRnvuBiowT1HtaB+2AmLfnWKv57SKaVWnTzSqy1+AzOYAF0U08AoWJUgtig==",
      "dependencies": {
        "uuid": "^3.3.2"
      }
    },
    "node_modules/@skimp/router": {
      "version": "2.0.0",
      "resolved": "https://registry.npmjs.org/@skimp/router/-/router-2.0.0.tgz",
      "integrity": "sha512-gxg7m0HDiDx8ZYdutq2FhInN00C6R/7JtOdfzsR58KMXR4StqF2drresOFsOlxyEIoHfASdL7OTc8CwiCS6xdw==",
      "dependencies": {
        "@cleavera/utils": "^2.6.0",
        "uuid": "^3.3.2"
      },
      "peerDependencies": {
        "@skimp/core": "^3.0.0",
        "@skimp/debug": "^1.3.0",
        "@skimp/schema": "^2.5.0"
      }
    },
    "node_modules/@skimp/router/node_modules/@cleavera/utils": {
      "version": "2.6.0",
      "resolved": "https://registry.npmjs.org/@cleavera/utils/-/utils-2.6.0.tgz",
      "integrity": "sha512-VDtO/YLuwq1shGV7nUHSbzR0X/QeRnvuBiowT1HtaB+2AmLfnWKv57SKaVWnTzSqy1+AzOYAF0U08AoWJUgtig==",
      "dependencies": {
        "uuid": "^3.3.2"
      }
    },
    "node_modules/@skimp/schema": {
      "version": "2.5.0",
      "resolved": "https://registry.npmjs.org/@skimp/schema/-/schema-2.5.0.tgz",
      "integrity": "sha512-DQn5qmCy/AWb/Q5/O25m2nPiQTahHq15n9dcjeygC38+rNPI1evOewtNx1Vdt0UIB5/PmVkHcjLkeTY8S6ar0w==",
      "dependencies": {
        "@cleavera/utils": "^2.6.0"
      },
      "peerDependencies": {
        "@skimp/core": "^3.0.0",
        "@skimp/debug": "^1.3.0"
      }
    },
    "node_modules/@skimp/schema/node_modules/@cleavera/utils": {
      "version": "2.6.0",
      "resolved": "https://registry.npmjs.org/@cleavera/utils/-/utils-2.6.0.tgz",
      "integrity": "sha512-VDtO/YLuwq1shGV7nUHSbzR0X/QeRnvuBiowT1HtaB+2AmLfnWKv57SKaVWnTzSqy1+AzOYAF0U08AoWJUgtig==",
      "dependencies": {
        "uuid": "^3.3.2"
      }
    },
    "node_modules/@skimp/server": {
      "version": "4.0.0",
      "resolved": "https://registry.npmjs.org/@skimp/server/-/server-4.0.0.tgz",
      "integrity": "sha512-o0GgK5T2kBnDE1gGiOK/0ZON325hjqh92MH/64yGNS/GJpND+5O1xB105QMOyai0QXWuhPlAwtKEKyKgl/iO2Q==",
      "dependencies": {
        "@cleavera/utils": "^2.6.0",
        "@types/node": "^10.14.14"
      },
      "peerDependencies": {
        "@skimp/core": "^3.0.0",
        "@skimp/debug": "^1.3.0",
        "@skimp/http": "^4.0.0"
      }
    },
    "node_modules/@skimp/server/node_modules/@cleavera/utils": {
      "version": "2.6.0",
      "resolved": "https://registry.npmjs.org/@cleavera/utils/-/utils-2.6.0.tgz",
      "integrity": "sha512-VDtO/YLuwq1shGV7nUHSbzR0X/QeRnvuBiowT1HtaB+2AmLfnWKv57SKaVWnTzSqy1+AzOYAF0U08AoWJUgtig==",
      "dependencies": {
        "uuid": "^3.3.2"
      }
    },
    "node_modules/@skimp/server/node_modules/@types/node": {
      "version": "10.14.14",
      "resolved": "https://registry.npmjs.org/@types/node/-/node-10.14.14.tgz",
      "integrity": "sha512-xXD08vZsvpv4xptQXj1+ky22f7ZoKu5ZNI/4l+/BXG3X+XaeZsmaFbbTKuhSE3NjjvRuZFxFf9sQBMXIcZNFMQ=="
    },
    "node_modules/@skimp/validation": {
      "version": "2.1.0",
      "resolved": "https://registry.npmjs.org/@skimp/validation/-/validation-2.1.0.tgz",
      "integrity": "sha512-CHX9kdAibTJVOOX6KJG6PMsi8GJ1av9dgMkVS+9FB27UPL1NjYAL5leyIk8U7v/9xZ9KBlp456f4JpEJCEAlkg==",
      "dependencies": {
        "@cleavera/utils": "^2.4.0"
      },
      "peerDependencies": {
        "@skimp/schema": "^2.4.0"
      }
    },
    "node_modules/@skimp/validation/node_modules/@cleavera/utils": {
      "version": "2.6.0",
      "resolved": "https://registry.npmjs.org/@cleavera/utils/-/utils-2.6.0.tgz",
      "integrity": "sha512-VDtO/YLuwq1shGV7nUHSbzR0X/QeRnvuBiowT1HtaB+2AmLfnWKv57SKaVWnTzSqy1+AzOYAF0U08AoWJUgtig==",
      "dependencies": {
        "uuid": "^3.3.2"
      }
    },
    "node_modules/@types/node": {
      "version": "12.6.9",
      "resolved": "https://registry.npmjs.org/@types/node/-/node-12.6.9.tgz",
      "integrity": "sha512-+YB9FtyxXGyD54p8rXwWaN1EWEyar5L58GlGWgtH2I9rGmLGBQcw63+0jw+ujqVavNuO47S1ByAjm9zdHMnskw=="
    },
    "node_modules/@types/uuid": {
      "version": "3.4.5",
      "resolved": "https://registry.npmjs.org/@types/uuid/-/uuid-3.4.5.tgz",
      "integrity": "sha512-MNL15wC3EKyw1VLF+RoVO4hJJdk9t/Hlv3rt1OL65Qvuadm4BYo6g9ZJQqoq7X8NBFSsQXgAujWciovh2lpVjA==",
      "dependencies": {
        "@types/node": "*"
      }
    },
    "node_modules/arrify": {
      "version": "1.0.1",
      "resolved": "https://registry.npmjs.org/arrify/-/arrify-1.0.1.tgz",
      "integrity": "sha1-iYUI2iIm84DfkEcoRWhJwVAaSw0=",
      "dev": true,
      "engines": {
        "node": ">=0.10.0"
      }
    },
    "node_modules/buffer-from": {
      "version": "1.1.1",
      "resolved": "https://registry.npmjs.org/buffer-from/-/buffer-from-1.1.1.tgz",
      "integrity": "sha512-MQcXEUbCKtEo7bhqEs6560Hyd4XaovZlO/k9V3hjVUF/zwW7KBVdSK4gIt/bzwS9MbR5qob+F5jusZsb0YQK2A==",
      "dev": true
    },
    "node_modules/diff": {
      "version": "3.5.0",
      "resolved": "https://registry.npmjs.org/diff/-/diff-3.5.0.tgz",
      "integrity": "sha512-A46qtFgd+g7pDZinpnwiRJtxbC1hpgf0uzP3iG89scHk0AUC7A1TGxf5OiiOUv/JMZR8GOt8hL900hV0bOy5xA==",
      "dev": true,
      "engines": {
        "node": ">=0.3.1"
      }
    },
    "node_modules/make-error": {
      "version": "1.3.5",
      "resolved": "https://registry.npmjs.org/make-error/-/make-error-1.3.5.tgz",
      "integrity": "sha512-c3sIjNUow0+8swNwVpqoH4YCShKNFkMaw6oH1mNS2haDZQqkeZFlHS3dhoeEbKKmJB4vXpJucU6oH75aDYeE9g==",
      "dev": true
    },
    "node_modules/minimist": {
      "version": "1.2.0",
      "resolved": "https://registry.npmjs.org/minimist/-/minimist-1.2.0.tgz",
      "integrity": "sha1-o1AIsg9BOD7sH7kU9M1d95omQoQ=",
      "dev": true
    },
    "node_modules/mkdirp": {
      "version": "0.5.1",
      "resolved": "https://registry.npmjs.org/mkdirp/-/mkdirp-0.5.1.tgz",
      "integrity": "sha1-MAV0OOrGz3+MR2fzhkjWaX11yQM=",
      "deprecated": "Legacy versions of mkdirp are no longer supported. Please update to mkdirp 1.x. (Note that the API surface has changed to use Promises in 1.x.)",
      "dev": true,
      "dependencies": {
        "minimist": "0.0.8"
      },
      "bin": {
        "mkdirp": "bin/cmd.js"
      }
    },
    "node_modules/mkdirp/node_modules/minimist": {
      "version": "0.0.8",
      "resolved": "https://registry.npmjs.org/minimist/-/minimist-0.0.8.tgz",
      "integrity": "sha1-hX/Kv8M5fSYluCKCYuhqp6ARsF0=",
      "dev": true
    },
    "node_modules/source-map": {
      "version": "0.6.1",
      "resolved": "https://registry.npmjs.org/source-map/-/source-map-0.6.1.tgz",
      "integrity": "sha512-UjgapumWlbMhkBgzT7Ykc5YXUT46F0iKu8SGXq0bcwP5dz/h0Plj6enJqjz1Zbq2l5WaqYnrVbwWOWMyF3F47g==",
      "dev": true,
      "engines": {
        "node": ">=0.10.0"
      }
    },
    "node_modules/source-map-support": {
      "version": "0.5.13",
      "resolved": "https://registry.npmjs.org/source-map-support/-/source-map-support-0.5.13.tgz",
      "integrity": "sha512-SHSKFHadjVA5oR4PPqhtAVdcBWwRYVd6g6cAXnIbRiIwc2EhPrTuKUBdSLvlEKyIP3GCf89fltvcZiP9MMFA1w==",
      "dev": true,
      "dependencies": {
        "buffer-from": "^1.0.0",
        "source-map": "^0.6.0"
      }
    },
    "node_modules/ts-node": {
      "version": "7.0.1",
      "resolved": "https://registry.npmjs.org/ts-node/-/ts-node-7.0.1.tgz",
      "integrity": "sha512-BVwVbPJRspzNh2yfslyT1PSbl5uIk03EZlb493RKHN4qej/D06n1cEhjlOJG69oFsE7OT8XjpTUcYf6pKTLMhw==",
      "dev": true,
      "dependencies": {
        "arrify": "^1.0.0",
        "buffer-from": "^1.1.0",
        "diff": "^3.1.0",
        "make-error": "^1.1.1",
        "minimist": "^1.2.0",
        "mkdirp": "^0.5.1",
        "source-map-support": "^0.5.6",
        "yn": "^2.0.0"
      },
      "bin": {
        "ts-node": "dist/bin.js"
      },
      "engines": {
        "node": ">=4.2.0"
      }
    },
    "node_modules/typescript": {
      "version": "3.5.3",
      "resolved": "https://registry.npmjs.org/typescript/-/typescript-3.5.3.tgz",
      "integrity": "sha512-ACzBtm/PhXBDId6a6sDJfroT2pOWt/oOnk4/dElG5G33ZL776N3Y6/6bKZJBFpd+b05F3Ct9qDjMeJmRWtE2/g==",
      "dev": true,
      "bin": {
        "tsc": "bin/tsc",
        "tsserver": "bin/tsserver"
      },
      "engines": {
        "node": ">=4.2.0"
      }
    },
    "node_modules/uuid": {
      "version": "3.3.2",
      "resolved": "https://registry.npmjs.org/uuid/-/uuid-3.3.2.tgz",
      "integrity": "sha512-yXJmeNaw3DnnKAOKJE51sL/ZaYfWJRl1pK9dr19YFCu0ObS231AB1/LbqTKRAQ5kw8A90rA6fr4riOUpTZvQZA==",
      "deprecated": "Please upgrade  to version 7 or higher.  Older versions may use Math.random() in certain circumstances, which is known to be problematic.  See https://v8.dev/blog/math-random for details.",
      "bin": {
        "uuid": "bin/uuid"
      }
    },
    "node_modules/yn": {
      "version": "2.0.0",
      "resolved": "https://registry.npmjs.org/yn/-/yn-2.0.0.tgz",
      "integrity": "sha1-5a2ryKz0CPY4X8dklWhMiOavaJo=",
      "dev": true,
      "engines": {
        "node": ">=4"
      }
    }
  },
  "dependencies": {
    "@cleavera/utils": {
      "version": "3.6.1",
      "resolved": "https://registry.npmjs.org/@cleavera/utils/-/utils-3.6.1.tgz",
      "integrity": "sha512-uSBS6//bxWrTIdfuchXOonyDl5i/EuLe0nJ5du1WrAS7lMUECTEfj733FuFBGHMZY7dv+JzZ4wOrcFNPfK06Ag==",
      "requires": {
        "uuid": "^3.3.2"
      }
    },
    "@skimp/core": {
      "version": "3.0.0",
      "resolved": "https://registry.npmjs.org/@skimp/core/-/core-3.0.0.tgz",
      "integrity": "sha512-e114n0gFEDiwQB/bnOrec8svRKMRQvTICb9nGBsX79HseCS2xl2YzdQfAONlRtLFhUUnmc82zgWLt3wx+9v2XA==",
      "requires": {
        "@cleavera/utils": "^2.6.0",
        "@types/uuid": "^3.4.5",
        "uuid": "^3.3.2"
      },
      "dependencies": {
        "@cleavera/utils": {
          "version": "2.6.0",
          "resolved": "https://registry.npmjs.org/@cleavera/utils/-/utils-2.6.0.tgz",
          "integrity": "sha512-VDtO/YLuwq1shGV7nUHSbzR0X/QeRnvuBiowT1HtaB+2AmLfnWKv57SKaVWnTzSqy1+AzOYAF0U08AoWJUgtig==",
          "requires": {
            "uuid": "^3.3.2"
          }
        }
      }
    },
    "@skimp/debug": {
      "version": "1.3.0",
      "resolved": "https://registry.npmjs.org/@skimp/debug/-/debug-1.3.0.tgz",
      "integrity": "sha512-/kRMLaOodUxrN+jIh/AUdLkNlPF9OOAweT1C3qQRrwX1R9gO+a4kNmmrxekbjCXGzQonxs/IapfG6miHKPNgDA==",
      "requires": {
        "@cleavera/utils": "^2.4.0"
      },
      "dependencies": {
        "@cleavera/utils": {
          "version": "2.6.0",
          "resolved": "https://registry.npmjs.org/@cleavera/utils/-/utils-2.6.0.tgz",
          "integrity": "sha512-VDtO/YLuwq1shGV7nUHSbzR0X/QeRnvuBiowT1HtaB+2AmLfnWKv57SKaVWnTzSqy1+AzOYAF0U08AoWJUgtig==",
          "requires": {
            "uuid": "^3.3.2"
          }
        }
      }
    },
    "@skimp/file-system": {
      "version": "2.1.0",
      "resolved": "https://registry.npmjs.org/@skimp/file-system/-/file-system-2.1.0.tgz",
      "integrity": "sha512-6gmQ2/HgikufIW4B6vfTQLD5x2oxnZQ3BKjeIS4XVei61ya8SPaU6SqmBai0eqGSML5CCSabUlVSK2oYW212lw==",
      "requires": {
        "@cleavera/utils": "^2.6.0",
        "@types/node": "^10.14.14"
      },
      "dependencies": {
        "@cleavera/utils": {
          "version": "2.6.0",
          "resolved": "https://registry.npmjs.org/@cleavera/utils/-/utils-2.6.0.tgz",
          "integrity": "sha512-VDtO/YLuwq1shGV7nUHSbzR0X/QeRnvuBiowT1HtaB+2AmLfnWKv57SKaVWnTzSqy1+AzOYAF0U08AoWJUgtig==",
          "requires": {
            "uuid": "^3.3.2"
          }
        },
        "@types/node": {
          "version": "10.14.14",
          "resolved": "https://registry.npmjs.org/@types/node/-/node-10.14.14.tgz",
          "integrity": "sha512-xXD08vZsvpv4xptQXj1+ky22f7ZoKu5ZNI/4l+/BXG3X+XaeZsmaFbbTKuhSE3NjjvRuZFxFf9sQBMXIcZNFMQ=="
        }
      }
    },
    "@skimp/http": {
      "version": "4.0.0",
      "resolved": "https://registry.npmjs.org/@skimp/http/-/http-4.0.0.tgz",
      "integrity": "sha512-KWt+xAmjqu9XwLz1dLcNXOAES2OtwvTeqWcO1/d7K09a9pLNkYfbvhu/zudSk4LHKij/DphIkp4u7Ytj0nx1+Q==",
      "requires": {
        "@cleavera/utils": "^2.6.0"
      },
      "dependencies": {
        "@cleavera/utils": {
          "version": "2.6.0",
          "resolved": "https://registry.npmjs.org/@cleavera/utils/-/utils-2.6.0.tgz",
          "integrity": "sha512-VDtO/YLuwq1shGV7nUHSbzR0X/QeRnvuBiowT1HtaB+2AmLfnWKv57SKaVWnTzSqy1+AzOYAF0U08AoWJUgtig==",
          "requires": {
            "uuid": "^3.3.2"
          }
        }
      }
    },
    "@skimp/json-api": {
      "version": "3.0.1",
      "resolved": "https://registry.npmjs.org/@skimp/json-api/-/json-api-3.0.1.tgz",
      "integrity": "sha512-0uX1JN0YfhFZBZrQitXswteDkW0rzQYVbGCRamxLiPQ6NupH29ZN5eIA95AVCLFQuetJ6T102ji/zpGBHWqF6A==",
      "requires": {
        "@cleavera/utils": "^2.6.0"
      },
      "dependencies": {
        "@cleavera/utils": {
          "version": "2.6.0",
          "resolved": "https://registry.npmjs.org/@cleavera/utils/-/utils-2.6.0.tgz",
          "integrity": "sha512-VDtO/YLuwq1shGV7nUHSbzR0X/QeRnvuBiowT1HtaB+2AmLfnWKv57SKaVWnTzSqy1+AzOYAF0U08AoWJUgtig==",
          "requires": {
            "uuid": "^3.3.2"
          }
        }
      }
    },
    "@skimp/json-file": {
      "version": "3.2.0",
      "resolved": "https://registry.npmjs.org/@skimp/json-file/-/json-file-3.2.0.tgz",
      "integrity": "sha512-p++qOz8qHC3s6cIPoszNUCHM9/6jTRyfPiRRnDwDTDDG55aXu7VkBCMJVFZRhEk0CzlRPxfeqt4fRZM9OQt7nQ==",
      "requires": {
        "@cleavera/utils": "^2.6.0"
      },
      "dependencies": {
        "@cleavera/utils": {
          "version": "2.6.0",
          "resolved": "https://registry.npmjs.org/@cleavera/utils/-/utils-2.6.0.tgz",
          "integrity": "sha512-VDtO/YLuwq1shGV7nUHSbzR0X/QeRnvuBiowT1HtaB+2AmLfnWKv57SKaVWnTzSqy1+AzOYAF0U08AoWJUgtig==",
          "requires": {
            "uuid": "^3.3.2"
          }
        }
      }
    },
    "@skimp/router": {
      "version": "2.0.0",
      "resolved": "https://registry.npmjs.org/@skimp/router/-/router-2.0.0.tgz",
      "integrity": "sha512-gxg7m0HDiDx8ZYdutq2FhInN00C6R/7JtOdfzsR58KMXR4StqF2drresOFsOlxyEIoHfASdL7OTc8CwiCS6xdw==",
      "requires": {
        "@cleavera/utils": "^2.6.0",
        "uuid": "^3.3.2"
      },
      "dependencies": {
        "@cleavera/utils": {
          "version": "2.6.0",
          "resolved": "https://registry.npmjs.org/@cleavera/utils/-/utils-2.6.0.tgz",
          "integrity": "sha512-VDtO/YLuwq1shGV7nUHSbzR0X/QeRnvuBiowT1HtaB+2AmLfnWKv57SKaVWnTzSqy1+AzOYAF0U08AoWJUgtig==",
          "requires": {
            "uuid": "^3.3.2"
          }
        }
      }
    },
    "@skimp/schema": {
      "version": "2.5.0",
      "resolved": "https://registry.npmjs.org/@skimp/schema/-/schema-2.5.0.tgz",
      "integrity": "sha512-DQn5qmCy/AWb/Q5/O25m2nPiQTahHq15n9dcjeygC38+rNPI1evOewtNx1Vdt0UIB5/PmVkHcjLkeTY8S6ar0w==",
      "requires": {
        "@cleavera/utils": "^2.6.0"
      },
      "dependencies": {
        "@cleavera/utils": {
          "version": "2.6.0",
          "resolved": "https://registry.npmjs.org/@cleavera/utils/-/utils-2.6.0.tgz",
          "integrity": "sha512-VDtO/YLuwq1shGV7nUHSbzR0X/QeRnvuBiowT1HtaB+2AmLfnWKv57SKaVWnTzSqy1+AzOYAF0U08AoWJUgtig==",
          "requires": {
            "uuid": "^3.3.2"
          }
        }
      }
    },
    "@skimp/server": {
      "version": "4.0.0",
      "resolved": "https://registry.npmjs.org/@skimp/server/-/server-4.0.0.tgz",
      "integrity": "sha512-o0GgK5T2kBnDE1gGiOK/0ZON325hjqh92MH/64yGNS/GJpND+5O1xB105QMOyai0QXWuhPlAwtKEKyKgl/iO2Q==",
      "requires": {
        "@cleavera/utils": "^2.6.0",
        "@types/node": "^10.14.14"
      },
      "dependencies": {
        "@cleavera/utils": {
          "version": "2.6.0",
          "resolved": "https://registry.npmjs.org/@cleavera/utils/-/utils-2.6.0.tgz",
          "integrity": "sha512-VDtO/YLuwq1shGV7nUHSbzR0X/QeRnvuBiowT1HtaB+2AmLfnWKv57SKaVWnTzSqy1+AzOYAF0U08AoWJUgtig==",
          "requires": {
            "uuid": "^3.3.2"
          }
        },
        "@types/node": {
          "version": "10.14.14",
          "resolved": "https://registry.npmjs.org/@types/node/-/node-10.14.14.tgz",
          "integrity": "sha512-xXD08vZsvpv4xptQXj1+ky22f7ZoKu5ZNI/4l+/BXG3X+XaeZsmaFbbTKuhSE3NjjvRuZFxFf9sQBMXIcZNFMQ=="
        }
      }
    },
    "@skimp/validation": {
      "version": "2.1.0",
      "resolved": "https://registry.npmjs.org/@skimp/validation/-/validation-2.1.0.tgz",
      "integrity": "sha512-CHX9kdAibTJVOOX6KJG6PMsi8GJ1av9dgMkVS+9FB27UPL1NjYAL5leyIk8U7v/9xZ9KBlp456f4JpEJCEAlkg==",
      "requires": {
        "@cleavera/utils": "^2.4.0"
      },
      "dependencies": {
        "@cleavera/utils": {
          "version": "2.6.0",
          "resolved": "https://registry.npmjs.org/@cleavera/utils/-/utils-2.6.0.tgz",
          "integrity": "sha512-VDtO/YLuwq1shGV7nUHSbzR0X/QeRnvuBiowT1HtaB+2AmLfnWKv57SKaVWnTzSqy1+AzOYAF0U08AoWJUgtig==",
          "requires": {
            "uuid": "^3.3.2"
          }
        }
      }
    },
    "@types/node": {
      "version": "12.6.9",
      "resolved": "https://registry.npmjs.org/@types/node/-/node-12.6.9.tgz",
      "integrity": "sha512-+YB9FtyxXGyD54p8rXwWaN1EWEyar5L58GlGWgtH2I9rGmLGBQcw63+0jw+ujqVavNuO47S1ByAjm9zdHMnskw=="
    },
    "@types/uuid": {
      "version": "3.4.5",
      "resolved": "https://registry.npmjs.org/@types/uuid/-/uuid-3.4.5.tgz",
      "integrity": "sha512-MNL15wC3EKyw1VLF+RoVO4hJJdk9t/Hlv3rt1OL65Qvuadm4BYo6g9ZJQqoq7X8NBFSsQXgAujWciovh2lpVjA==",
      "requires": {
        "@types/node": "*"
      }
    },
    "arrify": {
      "version": "1.0.1",
      "resolved": "https://registry.npmjs.org/arrify/-/arrify-1.0.1.tgz",
      "integrity": "sha1-iYUI2iIm84DfkEcoRWhJwVAaSw0=",
      "dev": true
    },
    "buffer-from": {
      "version": "1.1.1",
      "resolved": "https://registry.npmjs.org/buffer-from/-/buffer-from-1.1.1.tgz",
      "integrity": "sha512-MQcXEUbCKtEo7bhqEs6560Hyd4XaovZlO/k9V3hjVUF/zwW7KBVdSK4gIt/bzwS9MbR5qob+F5jusZsb0YQK2A==",
      "dev": true
    },
    "diff": {
      "version": "3.5.0",
      "resolved": "https://registry.npmjs.org/diff/-/diff-3.5.0.tgz",
      "integrity": "sha512-A46qtFgd+g7pDZinpnwiRJtxbC1hpgf0uzP3iG89scHk0AUC7A1TGxf5OiiOUv/JMZR8GOt8hL900hV0bOy5xA==",
      "dev": true
    },
    "make-error": {
      "version": "1.3.5",
      "resolved": "https://registry.npmjs.org/make-error/-/make-error-1.3.5.tgz",
      "integrity": "sha512-c3sIjNUow0+8swNwVpqoH4YCShKNFkMaw6oH1mNS2haDZQqkeZFlHS3dhoeEbKKmJB4vXpJucU6oH75aDYeE9g==",
      "dev": true
    },
    "minimist": {
      "version": "1.2.0",
      "resolved": "https://registry.npmjs.org/minimist/-/minimist-1.2.0.tgz",
      "integrity": "sha1-o1AIsg9BOD7sH7kU9M1d95omQoQ=",
      "dev": true
    },
    "mkdirp": {
      "version": "0.5.1",
      "resolved": "https://registry.npmjs.org/mkdirp/-/mkdirp-0.5.1.tgz",
      "integrity": "sha1-MAV0OOrGz3+MR2fzhkjWaX11yQM=",
      "dev": true,
      "requires": {
        "minimist": "0.0.8"
      },
      "dependencies": {
        "minimist": {
          "version": "0.0.8",
          "resolved": "https://registry.npmjs.org/minimist/-/minimist-0.0.8.tgz",
          "integrity": "sha1-hX/Kv8M5fSYluCKCYuhqp6ARsF0=",
          "dev": true
        }
      }
    },
    "source-map": {
      "version": "0.6.1",
      "resolved": "https://registry.npmjs.org/source-map/-/source-map-0.6.1.tgz",
      "integrity": "sha512-UjgapumWlbMhkBgzT7Ykc5YXUT46F0iKu8SGXq0bcwP5dz/h0Plj6enJqjz1Zbq2l5WaqYnrVbwWOWMyF3F47g==",
      "dev": true
    },
    "source-map-support": {
      "version": "0.5.13",
      "resolved": "https://registry.npmjs.org/source-map-support/-/source-map-support-0.5.13.tgz",
      "integrity": "sha512-SHSKFHadjVA5oR4PPqhtAVdcBWwRYVd6g6cAXnIbRiIwc2EhPrTuKUBdSLvlEKyIP3GCf89fltvcZiP9MMFA1w==",
      "dev": true,
      "requires": {
        "buffer-from": "^1.0.0",
        "source-map": "^0.6.0"
      }
    },
    "ts-node": {
      "version": "7.0.1",
      "resolved": "https://registry.npmjs.org/ts-node/-/ts-node-7.0.1.tgz",
      "integrity": "sha512-BVwVbPJRspzNh2yfslyT1PSbl5uIk03EZlb493RKHN4qej/D06n1cEhjlOJG69oFsE7OT8XjpTUcYf6pKTLMhw==",
      "dev": true,
      "requires": {
        "arrify": "^1.0.0",
        "buffer-from": "^1.1.0",
        "diff": "^3.1.0",
        "make-error": "^1.1.1",
        "minimist": "^1.2.0",
        "mkdirp": "^0.5.1",
        "source-map-support": "^0.5.6",
        "yn": "^2.0.0"
      }
    },
    "typescript": {
      "version": "3.5.3",
      "resolved": "https://registry.npmjs.org/typescript/-/typescript-3.5.3.tgz",
      "integrity": "sha512-ACzBtm/PhXBDId6a6sDJfroT2pOWt/oOnk4/dElG5G33ZL776N3Y6/6bKZJBFpd+b05F3Ct9qDjMeJmRWtE2/g==",
      "dev": true
    },
    "uuid": {
      "version": "3.3.2",
      "resolved": "https://registry.npmjs.org/uuid/-/uuid-3.3.2.tgz",
      "integrity": "sha512-yXJmeNaw3DnnKAOKJE51sL/ZaYfWJRl1pK9dr19YFCu0ObS231AB1/LbqTKRAQ5kw8A90rA6fr4riOUpTZvQZA=="
    },
    "yn": {
      "version": "2.0.0",
      "resolved": "https://registry.npmjs.org/yn/-/yn-2.0.0.tgz",
      "integrity": "sha1-5a2ryKz0CPY4X8dklWhMiOavaJo=",
      "dev": true
    }
  }
}
