{
  "name": "@skimp/debug",
  "version": "1.4.0",
  "lockfileVersion": 2,
  "requires": true,
  "packages": {
    "": {
      "name": "@skimp/debug",
      "version": "1.4.0",
      "license": "ISC",
      "dependencies": {
        "@cleavera/utils": "^4.2.1"
      },
      "devDependencies": {
        "typescript": "^4.4.3"
      }
    },
    "node_modules/@cleavera/types": {
      "version": "1.0.3",
      "resolved": "https://registry.npmjs.org/@cleavera/types/-/types-1.0.3.tgz",
      "integrity": "sha512-WyxCLSE8AYJDY82Rk3tnicIfihJdCIZCVgq7eGgrmHqCx+ndydRxKpIRywJ+b7wbYr+m6FAl3tkezGM3bL2J1Q=="
    },
    "node_modules/@cleavera/utils": {
      "version": "4.2.1",
      "resolved": "https://registry.npmjs.org/@cleavera/utils/-/utils-4.2.1.tgz",
      "integrity": "sha512-4shUkcBcol+iURD2TVyAd9Kz3ZVMJXAzDNn6YfLFB9iE/W+ZxDZEHw+Q4gUVSVluIxhAGLrDdVoH03gBhDHZ/g==",
      "dependencies": {
        "@cleavera/types": "^1.0.2"
      }
    },
    "node_modules/typescript": {
      "version": "4.4.3",
      "resolved": "https://registry.npmjs.org/typescript/-/typescript-4.4.3.tgz",
      "integrity": "sha512-4xfscpisVgqqDfPaJo5vkd+Qd/ItkoagnHpufr+i2QCHBsNYp+G7UAoyFl8aPtx879u38wPV65rZ8qbGZijalA==",
      "dev": true,
      "bin": {
        "tsc": "bin/tsc",
        "tsserver": "bin/tsserver"
      },
      "engines": {
        "node": ">=4.2.0"
      }
    }
  },
  "dependencies": {
    "@cleavera/types": {
      "version": "1.0.3",
      "resolved": "https://registry.npmjs.org/@cleavera/types/-/types-1.0.3.tgz",
      "integrity": "sha512-WyxCLSE8AYJDY82Rk3tnicIfihJdCIZCVgq7eGgrmHqCx+ndydRxKpIRywJ+b7wbYr+m6FAl3tkezGM3bL2J1Q=="
    },
    "@cleavera/utils": {
      "version": "4.2.1",
      "resolved": "https://registry.npmjs.org/@cleavera/utils/-/utils-4.2.1.tgz",
      "integrity": "sha512-4shUkcBcol+iURD2TVyAd9Kz3ZVMJXAzDNn6YfLFB9iE/W+ZxDZEHw+Q4gUVSVluIxhAGLrDdVoH03gBhDHZ/g==",
      "requires": {
        "@cleavera/types": "^1.0.2"
      }
    },
    "typescript": {
      "version": "4.4.3",
      "resolved": "https://registry.npmjs.org/typescript/-/typescript-4.4.3.tgz",
      "integrity": "sha512-4xfscpisVgqqDfPaJo5vkd+Qd/ItkoagnHpufr+i2QCHBsNYp+G7UAoyFl8aPtx879u38wPV65rZ8qbGZijalA==",
      "dev": true
    }
  }
}
