{
  "name": "@skimp/validation",
  "version": "2.1.0",
  "lockfileVersion": 1,
  "requires": true,
  "dependencies": {
    "@cleavera/utils": {
      "version": "2.4.0",
      "resolved": "https://registry.npmjs.org/@cleavera/utils/-/utils-2.4.0.tgz",
      "integrity": "sha512-hnOLx1YANwlA8dxNSTaFlrbrUGeOOgnJCVvFBtvXOCf4DXUzTc/0zsSNfeTX0Eem82pSV/ddd3TaG7t5jvGKkg==",
      "requires": {
        "uuid": "^3.3.2"
      }
    },
    "@skimp/core": {
      "version": "2.2.0",
      "resolved": "https://registry.npmjs.org/@skimp/core/-/core-2.2.0.tgz",
      "integrity": "sha512-L0myA9x+lt3Kj8Dkxu4kfE9QUfO6FGKoySB3zBW88qxA/cs2jthi0swhZkHKgiP0XQ3sAGg89mCEzKSuhHB9MA==",
      "dev": true,
      "requires": {
        "@cleavera/utils": "^2.4.0",
        "@types/uuid": "^3.4.4",
        "uuid": "^3.3.2"
      }
    },
    "@skimp/http": {
      "version": "1.3.0",
      "resolved": "https://registry.npmjs.org/@skimp/http/-/http-1.3.0.tgz",
      "integrity": "sha512-SASLM+0BJchIN1+C1pqrj70llSJDJy/e2ZsiXwGct8BDZ8LDF4hxW3Z5rT8W93ti6Gt9MuSirmR8g0MvCtThWQ==",
      "dev": true,
      "requires": {
        "@cleavera/utils": "^2.4.0"
      }
    },
    "@skimp/schema": {
      "version": "2.4.0",
      "resolved": "https://registry.npmjs.org/@skimp/schema/-/schema-2.4.0.tgz",
      "integrity": "sha512-nYDdNB4I+CXCU1YTFsVRyNa2Zha1or8gbAe187vzJkLySbKEQ84qOHBV92z8iiPzohwGzJ7Bvn6wYZy9MaWf0w==",
      "dev": true,
      "requires": {
        "@cleavera/utils": "^2.4.0"
      }
    },
    "@types/node": {
      "version": "10.5.2",
      "resolved": "https://mhrengineering.pkgs.visualstudio.com/_packaging/MHR.Web.Packages/npm/registry/@types/node/-/node-10.5.2.tgz",
      "integrity": "sha512-m9zXmifkZsMHZBOyxZWilMwmTlpC8x5Ty360JKTiXvlXZfBWYpsg9ZZvP/Ye+iZUh+Q+MxDLjItVTWIsfwz+8Q==",
      "dev": true
    },
    "@types/uuid": {
      "version": "3.4.4",
      "resolved": "https://registry.npmjs.org/@types/uuid/-/uuid-3.4.4.tgz",
      "integrity": "sha512-tPIgT0GUmdJQNSHxp0X2jnpQfBSTfGxUMc/2CXBU2mnyTFVYVa2ojpoQ74w0U2yn2vw3jnC640+77lkFFpdVDw==",
      "dev": true,
      "requires": {
        "@types/node": "*"
      }
    },
    "typescript": {
      "version": "3.2.2",
      "resolved": "https://registry.npmjs.org/typescript/-/typescript-3.2.2.tgz",
      "integrity": "sha512-VCj5UiSyHBjwfYacmDuc/NOk4QQixbE+Wn7MFJuS0nRuPQbof132Pw4u53dm264O8LPc2MVsc7RJNml5szurkg==",
      "dev": true
    },
    "uuid": {
      "version": "3.3.2",
      "resolved": "https://registry.npmjs.org/uuid/-/uuid-3.3.2.tgz",
      "integrity": "sha512-yXJmeNaw3DnnKAOKJE51sL/ZaYfWJRl1pK9dr19YFCu0ObS231AB1/LbqTKRAQ5kw8A90rA6fr4riOUpTZvQZA=="
    }
  }
}
