{
  "name": "@skimp/validation",
  "version": "1.1.0",
  "lockfileVersion": 1,
  "requires": true,
  "dependencies": {
    "@skimp/core": {
      "version": "1.0.0",
      "resolved": "https://registry.npmjs.org/@skimp/core/-/core-1.0.0.tgz",
      "integrity": "sha512-G9MH1X3zVsBWDBqsVPJkytuJ0f+efLpC8InnpFWHG9HgkjPCnRonY64fQCCN4XKIAmMTf7Rso06gK6j3SjBgDw==",
      "dev": true,
      "requires": {
        "@skimp/http": "^1.0.0",
        "@skimp/shared": "^1.0.1"
      }
    },
    "@skimp/debug": {
      "version": "1.0.1",
      "resolved": "https://registry.npmjs.org/@skimp/debug/-/debug-1.0.1.tgz",
      "integrity": "sha512-C48SYqmUPwzZYlZZfGzWXo5x1PDeizBIUM+1YCMRL5yNXpSBfTzZaKeWVcs1pRq3C7OURxFuUiOz4NZF6nrkFA==",
      "dev": true
    },
    "@skimp/http": {
      "version": "1.0.0",
      "resolved": "https://registry.npmjs.org/@skimp/http/-/http-1.0.0.tgz",
      "integrity": "sha512-mv+PJTXtgxlESDqsJAo4UAWHsgpcFnHMAyfeY3BGJwI66q2s48OrzhrjzE1nLuK2wEjV11xlJWS1MLkkRG6LzA==",
      "dev": true,
      "requires": {
        "@skimp/shared": "^1.0.1"
      }
    },
    "@skimp/schema": {
      "version": "1.0.0",
      "resolved": "https://registry.npmjs.org/@skimp/schema/-/schema-1.0.0.tgz",
      "integrity": "sha512-O8cpadSKNpfu5DPVJMxm4CcTtoKrFwhnOAJFX3fgCPpuHRufQI3A6p69oxYC+u+z2Nv83LPOHTaC/zDMrmEHew==",
      "dev": true,
      "requires": {
        "@skimp/core": "^1.0.0",
        "@skimp/debug": "^1.0.1",
        "@skimp/shared": "^1.0.1"
      }
    },
    "@skimp/shared": {
      "version": "1.0.1",
      "resolved": "https://registry.npmjs.org/@skimp/shared/-/shared-1.0.1.tgz",
      "integrity": "sha512-qIBS5xOJHdhHoooLNT9GVbP9e7ZlSLCGCUqzzd8hKEwBHD2hQUQVG+qAchF4JY1DZaXYaXULMcOx5MIDtzk/yw==",
      "dev": true
    },
    "typescript": {
      "version": "2.9.2",
      "resolved": "https://registry.npmjs.org/typescript/-/typescript-2.9.2.tgz",
      "integrity": "sha512-Gr4p6nFNaoufRIY4NMdpQRNmgxVIGMs4Fcu/ujdYk3nAZqk7supzBE9idmvfZIlH/Cuj//dvi+019qEue9lV0w==",
      "dev": true
    }
  }
}
