{
  "name": "@skimp/json-api",
  "version": "3.0.1",
  "lockfileVersion": 2,
  "requires": true,
  "packages": {
    "": {
      "name": "@skimp/json-api",
      "version": "3.0.1",
      "license": "ISC",
      "dependencies": {
        "@cleavera/utils": "^4.2.1",
        "@types/node": "^16.11.12",
        "type-fest": "^2.8.0"
      },
      "devDependencies": {
        "@skimp/core": "^3.1.0",
        "@skimp/debug": "^1.4.0",
        "@skimp/router": "^2.1.0",
        "@skimp/schema": "^2.7.1",
        "@skimp/validation": "^2.2.0",
        "typescript": "^4.5.3"
      },
      "peerDependencies": {
        "@skimp/core": "^3.1.0",
        "@skimp/router": "^2.1.0",
        "@skimp/schema": "^2.7.1",
        "@skimp/validation": "^2.2.0"
      }
    },
    "node_modules/@cleavera/types": {
      "version": "1.0.3",
      "resolved": "https://registry.npmjs.org/@cleavera/types/-/types-1.0.3.tgz",
      "integrity": "sha512-WyxCLSE8AYJDY82Rk3tnicIfihJdCIZCVgq7eGgrmHqCx+ndydRxKpIRywJ+b7wbYr+m6FAl3tkezGM3bL2J1Q=="
    },
    "node_modules/@cleavera/utils": {
      "version": "4.2.1",
      "resolved": "https://registry.npmjs.org/@cleavera/utils/-/utils-4.2.1.tgz",
      "integrity": "sha512-4shUkcBcol+iURD2TVyAd9Kz3ZVMJXAzDNn6YfLFB9iE/W+ZxDZEHw+Q4gUVSVluIxhAGLrDdVoH03gBhDHZ/g==",
      "dependencies": {
        "@cleavera/types": "^1.0.2"
      }
    },
    "node_modules/@skimp/core": {
      "version": "3.1.0",
      "resolved": "https://registry.npmjs.org/@skimp/core/-/core-3.1.0.tgz",
      "integrity": "sha512-Tr98h9uAJa3ehzQlT07y6FzSAYkREufq1LQCmatJoyibI1ZACEGZ/lhKZybmiDwQ6kan7FfiXzNyhLhsR3IZag==",
      "dev": true,
      "dependencies": {
        "@cleavera/utils": "^4.2.1",
        "uuid": "^8.3.2"
      }
    },
    "node_modules/@skimp/debug": {
      "version": "1.4.0",
      "resolved": "https://registry.npmjs.org/@skimp/debug/-/debug-1.4.0.tgz",
      "integrity": "sha512-sVg2AB/uNbdhSDJE3jO7qCwEEhmxXeOxNTMk0IDfUFzWkyqxelZ8B5AAZ4X9376cVBeOFL+1q+gaBkLk3ypk5A==",
      "dev": true,
      "dependencies": {
        "@cleavera/utils": "^4.2.1"
      }
    },
    "node_modules/@skimp/router": {
      "version": "2.1.0",
      "resolved": "https://registry.npmjs.org/@skimp/router/-/router-2.1.0.tgz",
      "integrity": "sha512-R5F8FIN7Msd+iChSj8WxCQOaiLhYUzwBllMzE4SjAticIcBPfclHK7EmRxk6CaB/ZKtbyhbRi3FC19V5Cl3Rmw==",
      "dev": true,
      "dependencies": {
        "@cleavera/utils": "^4.2.1",
        "uuid": "^8.3.2"
      },
      "peerDependencies": {
        "@skimp/core": "^3.1.0",
        "@skimp/debug": "^1.4.0",
        "@skimp/schema": "^2.7.0"
      }
    },
    "node_modules/@skimp/schema": {
      "version": "2.7.1",
      "resolved": "https://registry.npmjs.org/@skimp/schema/-/schema-2.7.1.tgz",
      "integrity": "sha512-F1OGxZC/KIjm623aqZby6FNxs0q+sAZRcZeb0PZ0afLniL99hOxuKAENg+sQtAUSdjf2CdnlkTlAi+OWtp1WGg==",
      "dev": true,
      "dependencies": {
        "@cleavera/utils": "^4.2.1",
        "type-fest": "^2.5.0"
      },
      "peerDependencies": {
        "@skimp/core": "^3.1.0",
        "@skimp/debug": "^1.4.0"
      }
    },
    "node_modules/@skimp/validation": {
      "version": "2.2.0",
      "resolved": "https://registry.npmjs.org/@skimp/validation/-/validation-2.2.0.tgz",
      "integrity": "sha512-vGz/+7+4QaE6kYPnA2LNEJ3Rp/7X+W3f2ZL1QX+xfsH124gd7FpddsnmJDcVma/vtGBzK8XZrurvd9ZpkAjmsA==",
      "dev": true,
      "dependencies": {
        "@cleavera/utils": "^4.2.1"
      },
      "peerDependencies": {
        "@skimp/schema": "^2.7.1"
      }
    },
    "node_modules/@types/node": {
      "version": "16.11.12",
      "resolved": "https://registry.npmjs.org/@types/node/-/node-16.11.12.tgz",
      "integrity": "sha512-+2Iggwg7PxoO5Kyhvsq9VarmPbIelXP070HMImEpbtGCoyWNINQj4wzjbQCXzdHTRXnqufutJb5KAURZANNBAw=="
    },
    "node_modules/type-fest": {
      "version": "2.8.0",
      "resolved": "https://registry.npmjs.org/type-fest/-/type-fest-2.8.0.tgz",
      "integrity": "sha512-O+V9pAshf9C6loGaH0idwsmugI2LxVNR7DtS40gVo2EXZVYFgz9OuNtOhgHLdHdapOEWNdvz9Ob/eeuaWwwlxA==",
      "engines": {
        "node": ">=12.20"
      },
      "funding": {
        "url": "https://github.com/sponsors/sindresorhus"
      }
    },
    "node_modules/typescript": {
      "version": "4.5.3",
      "resolved": "https://registry.npmjs.org/typescript/-/typescript-4.5.3.tgz",
      "integrity": "sha512-eVYaEHALSt+s9LbvgEv4Ef+Tdq7hBiIZgii12xXJnukryt3pMgJf6aKhoCZ3FWQsu6sydEnkg11fYXLzhLBjeQ==",
      "dev": true,
      "bin": {
        "tsc": "bin/tsc",
        "tsserver": "bin/tsserver"
      },
      "engines": {
        "node": ">=4.2.0"
      }
    },
    "node_modules/uuid": {
      "version": "8.3.2",
      "resolved": "https://registry.npmjs.org/uuid/-/uuid-8.3.2.tgz",
      "integrity": "sha512-+NYs2QeMWy+GWFOEm9xnn6HCDp0l7QBD7ml8zLUmJ+93Q5NF0NocErnwkTkXVFNiX3/fpC6afS8Dhb/gz7R7eg==",
      "dev": true,
      "bin": {
        "uuid": "dist/bin/uuid"
      }
    }
  },
  "dependencies": {
    "@cleavera/types": {
      "version": "1.0.3",
      "resolved": "https://registry.npmjs.org/@cleavera/types/-/types-1.0.3.tgz",
      "integrity": "sha512-WyxCLSE8AYJDY82Rk3tnicIfihJdCIZCVgq7eGgrmHqCx+ndydRxKpIRywJ+b7wbYr+m6FAl3tkezGM3bL2J1Q=="
    },
    "@cleavera/utils": {
      "version": "4.2.1",
      "resolved": "https://registry.npmjs.org/@cleavera/utils/-/utils-4.2.1.tgz",
      "integrity": "sha512-4shUkcBcol+iURD2TVyAd9Kz3ZVMJXAzDNn6YfLFB9iE/W+ZxDZEHw+Q4gUVSVluIxhAGLrDdVoH03gBhDHZ/g==",
      "requires": {
        "@cleavera/types": "^1.0.2"
      }
    },
    "@skimp/core": {
      "version": "3.1.0",
      "resolved": "https://registry.npmjs.org/@skimp/core/-/core-3.1.0.tgz",
      "integrity": "sha512-Tr98h9uAJa3ehzQlT07y6FzSAYkREufq1LQCmatJoyibI1ZACEGZ/lhKZybmiDwQ6kan7FfiXzNyhLhsR3IZag==",
      "dev": true,
      "requires": {
        "@cleavera/utils": "^4.2.1",
        "uuid": "^8.3.2"
      }
    },
    "@skimp/debug": {
      "version": "1.4.0",
      "resolved": "https://registry.npmjs.org/@skimp/debug/-/debug-1.4.0.tgz",
      "integrity": "sha512-sVg2AB/uNbdhSDJE3jO7qCwEEhmxXeOxNTMk0IDfUFzWkyqxelZ8B5AAZ4X9376cVBeOFL+1q+gaBkLk3ypk5A==",
      "dev": true,
      "requires": {
        "@cleavera/utils": "^4.2.1"
      }
    },
    "@skimp/router": {
      "version": "2.1.0",
      "resolved": "https://registry.npmjs.org/@skimp/router/-/router-2.1.0.tgz",
      "integrity": "sha512-R5F8FIN7Msd+iChSj8WxCQOaiLhYUzwBllMzE4SjAticIcBPfclHK7EmRxk6CaB/ZKtbyhbRi3FC19V5Cl3Rmw==",
      "dev": true,
      "requires": {
        "@cleavera/utils": "^4.2.1",
        "uuid": "^8.3.2"
      }
    },
    "@skimp/schema": {
      "version": "2.7.1",
      "resolved": "https://registry.npmjs.org/@skimp/schema/-/schema-2.7.1.tgz",
      "integrity": "sha512-F1OGxZC/KIjm623aqZby6FNxs0q+sAZRcZeb0PZ0afLniL99hOxuKAENg+sQtAUSdjf2CdnlkTlAi+OWtp1WGg==",
      "dev": true,
      "requires": {
        "@cleavera/utils": "^4.2.1",
        "type-fest": "^2.5.0"
      }
    },
    "@skimp/validation": {
      "version": "2.2.0",
      "resolved": "https://registry.npmjs.org/@skimp/validation/-/validation-2.2.0.tgz",
      "integrity": "sha512-vGz/+7+4QaE6kYPnA2LNEJ3Rp/7X+W3f2ZL1QX+xfsH124gd7FpddsnmJDcVma/vtGBzK8XZrurvd9ZpkAjmsA==",
      "dev": true,
      "requires": {
        "@cleavera/utils": "^4.2.1"
      }
    },
    "@types/node": {
      "version": "16.11.12",
      "resolved": "https://registry.npmjs.org/@types/node/-/node-16.11.12.tgz",
      "integrity": "sha512-+2Iggwg7PxoO5Kyhvsq9VarmPbIelXP070HMImEpbtGCoyWNINQj4wzjbQCXzdHTRXnqufutJb5KAURZANNBAw=="
    },
    "type-fest": {
      "version": "2.8.0",
      "resolved": "https://registry.npmjs.org/type-fest/-/type-fest-2.8.0.tgz",
      "integrity": "sha512-O+V9pAshf9C6loGaH0idwsmugI2LxVNR7DtS40gVo2EXZVYFgz9OuNtOhgHLdHdapOEWNdvz9Ob/eeuaWwwlxA=="
    },
    "typescript": {
      "version": "4.5.3",
      "resolved": "https://registry.npmjs.org/typescript/-/typescript-4.5.3.tgz",
      "integrity": "sha512-eVYaEHALSt+s9LbvgEv4Ef+Tdq7hBiIZgii12xXJnukryt3pMgJf6aKhoCZ3FWQsu6sydEnkg11fYXLzhLBjeQ==",
      "dev": true
    },
    "uuid": {
      "version": "8.3.2",
      "resolved": "https://registry.npmjs.org/uuid/-/uuid-8.3.2.tgz",
      "integrity": "sha512-+NYs2QeMWy+GWFOEm9xnn6HCDp0l7QBD7ml8zLUmJ+93Q5NF0NocErnwkTkXVFNiX3/fpC6afS8Dhb/gz7R7eg==",
      "dev": true
    }
  }
}
