{
  "name": "@skimp/http",
  "version": "1.1.0",
  "lockfileVersion": 1,
  "requires": true,
  "dependencies": {
    "@skimp/shared": {
      "version": "1.0.1",
      "resolved": "https://registry.npmjs.org/@skimp/shared/-/shared-1.0.1.tgz",
      "integrity": "sha512-qIBS5xOJHdhHoooLNT9GVbP9e7ZlSLCGCUqzzd8hKEwBHD2hQUQVG+qAchF4JY1DZaXYaXULMcOx5MIDtzk/yw==",
      "dev": true
    },
    "typescript": {
      "version": "2.9.2",
      "resolved": "https://mhrengineering.pkgs.visualstudio.com/_packaging/MHR.Web.Packages/npm/registry/typescript/-/typescript-2.9.2.tgz",
      "integrity": "sha512-Gr4p6nFNaoufRIY4NMdpQRNmgxVIGMs4Fcu/ujdYk3nAZqk7supzBE9idmvfZIlH/Cuj//dvi+019qEue9lV0w==",
      "dev": true
    }
  }
}
