{
  "name": "@skimp/http",
  "version": "4.0.1",
  "lockfileVersion": 2,
  "requires": true,
  "packages": {
    "": {
      "name": "@skimp/http",
      "version": "4.0.1",
      "license": "ISC",
      "dependencies": {
        "@cleavera/utils": "^3.6.1"
      },
      "devDependencies": {
        "@skimp/core": "^3.0.0",
        "@skimp/debug": "^1.3.0",
        "@skimp/router": "^2.0.0",
        "@skimp/schema": "^2.5.0",
        "@types/node": "^13.7.4",
        "typescript": "^3.8.2"
      },
      "peerDependencies": {
        "@skimp/core": "^3.0.0",
        "@skimp/debug": "^1.3.0",
        "@skimp/router": "^2.0.0",
        "@skimp/schema": "^2.5.0"
      }
    },
    "node_modules/@cleavera/utils": {
      "version": "3.6.1",
      "resolved": "https://registry.npmjs.org/@cleavera/utils/-/utils-3.6.1.tgz",
      "integrity": "sha512-uSBS6//bxWrTIdfuchXOonyDl5i/EuLe0nJ5du1WrAS7lMUECTEfj733FuFBGHMZY7dv+JzZ4wOrcFNPfK06Ag==",
      "dependencies": {
        "uuid": "^3.3.2"
      }
    },
    "node_modules/@skimp/core": {
      "version": "3.0.0",
      "resolved": "https://registry.npmjs.org/@skimp/core/-/core-3.0.0.tgz",
      "integrity": "sha512-e114n0gFEDiwQB/bnOrec8svRKMRQvTICb9nGBsX79HseCS2xl2YzdQfAONlRtLFhUUnmc82zgWLt3wx+9v2XA==",
      "dev": true,
      "dependencies": {
        "@cleavera/utils": "^2.6.0",
        "@types/uuid": "^3.4.5",
        "uuid": "^3.3.2"
      }
    },
    "node_modules/@skimp/core/node_modules/@cleavera/utils": {
      "version": "2.6.0",
      "resolved": "https://registry.npmjs.org/@cleavera/utils/-/utils-2.6.0.tgz",
      "integrity": "sha512-VDtO/YLuwq1shGV7nUHSbzR0X/QeRnvuBiowT1HtaB+2AmLfnWKv57SKaVWnTzSqy1+AzOYAF0U08AoWJUgtig==",
      "dev": true,
      "dependencies": {
        "uuid": "^3.3.2"
      }
    },
    "node_modules/@skimp/debug": {
      "version": "1.3.0",
      "resolved": "https://registry.npmjs.org/@skimp/debug/-/debug-1.3.0.tgz",
      "integrity": "sha512-/kRMLaOodUxrN+jIh/AUdLkNlPF9OOAweT1C3qQRrwX1R9gO+a4kNmmrxekbjCXGzQonxs/IapfG6miHKPNgDA==",
      "dev": true,
      "dependencies": {
        "@cleavera/utils": "^2.4.0"
      }
    },
    "node_modules/@skimp/debug/node_modules/@cleavera/utils": {
      "version": "2.6.0",
      "resolved": "https://registry.npmjs.org/@cleavera/utils/-/utils-2.6.0.tgz",
      "integrity": "sha512-VDtO/YLuwq1shGV7nUHSbzR0X/QeRnvuBiowT1HtaB+2AmLfnWKv57SKaVWnTzSqy1+AzOYAF0U08AoWJUgtig==",
      "dev": true,
      "dependencies": {
        "uuid": "^3.3.2"
      }
    },
    "node_modules/@skimp/router": {
      "version": "2.0.0",
      "resolved": "https://registry.npmjs.org/@skimp/router/-/router-2.0.0.tgz",
      "integrity": "sha512-gxg7m0HDiDx8ZYdutq2FhInN00C6R/7JtOdfzsR58KMXR4StqF2drresOFsOlxyEIoHfASdL7OTc8CwiCS6xdw==",
      "dev": true,
      "dependencies": {
        "@cleavera/utils": "^2.6.0",
        "uuid": "^3.3.2"
      },
      "peerDependencies": {
        "@skimp/core": "^3.0.0",
        "@skimp/debug": "^1.3.0",
        "@skimp/schema": "^2.5.0"
      }
    },
    "node_modules/@skimp/router/node_modules/@cleavera/utils": {
      "version": "2.6.0",
      "resolved": "https://registry.npmjs.org/@cleavera/utils/-/utils-2.6.0.tgz",
      "integrity": "sha512-VDtO/YLuwq1shGV7nUHSbzR0X/QeRnvuBiowT1HtaB+2AmLfnWKv57SKaVWnTzSqy1+AzOYAF0U08AoWJUgtig==",
      "dev": true,
      "dependencies": {
        "uuid": "^3.3.2"
      }
    },
    "node_modules/@skimp/schema": {
      "version": "2.5.0",
      "resolved": "https://registry.npmjs.org/@skimp/schema/-/schema-2.5.0.tgz",
      "integrity": "sha512-DQn5qmCy/AWb/Q5/O25m2nPiQTahHq15n9dcjeygC38+rNPI1evOewtNx1Vdt0UIB5/PmVkHcjLkeTY8S6ar0w==",
      "dev": true,
      "dependencies": {
        "@cleavera/utils": "^2.6.0"
      },
      "peerDependencies": {
        "@skimp/core": "^3.0.0",
        "@skimp/debug": "^1.3.0"
      }
    },
    "node_modules/@skimp/schema/node_modules/@cleavera/utils": {
      "version": "2.6.0",
      "resolved": "https://registry.npmjs.org/@cleavera/utils/-/utils-2.6.0.tgz",
      "integrity": "sha512-VDtO/YLuwq1shGV7nUHSbzR0X/QeRnvuBiowT1HtaB+2AmLfnWKv57SKaVWnTzSqy1+AzOYAF0U08AoWJUgtig==",
      "dev": true,
      "dependencies": {
        "uuid": "^3.3.2"
      }
    },
    "node_modules/@types/node": {
      "version": "13.7.4",
      "resolved": "https://registry.npmjs.org/@types/node/-/node-13.7.4.tgz",
      "integrity": "sha512-oVeL12C6gQS/GAExndigSaLxTrKpQPxewx9bOcwfvJiJge4rr7wNaph4J+ns5hrmIV2as5qxqN8YKthn9qh0jw==",
      "dev": true
    },
    "node_modules/@types/uuid": {
      "version": "3.4.5",
      "resolved": "https://registry.npmjs.org/@types/uuid/-/uuid-3.4.5.tgz",
      "integrity": "sha512-MNL15wC3EKyw1VLF+RoVO4hJJdk9t/Hlv3rt1OL65Qvuadm4BYo6g9ZJQqoq7X8NBFSsQXgAujWciovh2lpVjA==",
      "dev": true,
      "dependencies": {
        "@types/node": "*"
      }
    },
    "node_modules/typescript": {
      "version": "3.8.2",
      "resolved": "https://registry.npmjs.org/typescript/-/typescript-3.8.2.tgz",
      "integrity": "sha512-EgOVgL/4xfVrCMbhYKUQTdF37SQn4Iw73H5BgCrF1Abdun7Kwy/QZsE/ssAy0y4LxBbvua3PIbFsbRczWWnDdQ==",
      "dev": true,
      "bin": {
        "tsc": "bin/tsc",
        "tsserver": "bin/tsserver"
      },
      "engines": {
        "node": ">=4.2.0"
      }
    },
    "node_modules/uuid": {
      "version": "3.3.2",
      "resolved": "https://registry.npmjs.org/uuid/-/uuid-3.3.2.tgz",
      "integrity": "sha512-yXJmeNaw3DnnKAOKJE51sL/ZaYfWJRl1pK9dr19YFCu0ObS231AB1/LbqTKRAQ5kw8A90rA6fr4riOUpTZvQZA==",
      "deprecated": "Please upgrade  to version 7 or higher.  Older versions may use Math.random() in certain circumstances, which is known to be problematic.  See https://v8.dev/blog/math-random for details.",
      "bin": {
        "uuid": "bin/uuid"
      }
    }
  },
  "dependencies": {
    "@cleavera/utils": {
      "version": "3.6.1",
      "resolved": "https://registry.npmjs.org/@cleavera/utils/-/utils-3.6.1.tgz",
      "integrity": "sha512-uSBS6//bxWrTIdfuchXOonyDl5i/EuLe0nJ5du1WrAS7lMUECTEfj733FuFBGHMZY7dv+JzZ4wOrcFNPfK06Ag==",
      "requires": {
        "uuid": "^3.3.2"
      }
    },
    "@skimp/core": {
      "version": "3.0.0",
      "resolved": "https://registry.npmjs.org/@skimp/core/-/core-3.0.0.tgz",
      "integrity": "sha512-e114n0gFEDiwQB/bnOrec8svRKMRQvTICb9nGBsX79HseCS2xl2YzdQfAONlRtLFhUUnmc82zgWLt3wx+9v2XA==",
      "dev": true,
      "requires": {
        "@cleavera/utils": "^2.6.0",
        "@types/uuid": "^3.4.5",
        "uuid": "^3.3.2"
      },
      "dependencies": {
        "@cleavera/utils": {
          "version": "2.6.0",
          "resolved": "https://registry.npmjs.org/@cleavera/utils/-/utils-2.6.0.tgz",
          "integrity": "sha512-VDtO/YLuwq1shGV7nUHSbzR0X/QeRnvuBiowT1HtaB+2AmLfnWKv57SKaVWnTzSqy1+AzOYAF0U08AoWJUgtig==",
          "dev": true,
          "requires": {
            "uuid": "^3.3.2"
          }
        }
      }
    },
    "@skimp/debug": {
      "version": "1.3.0",
      "resolved": "https://registry.npmjs.org/@skimp/debug/-/debug-1.3.0.tgz",
      "integrity": "sha512-/kRMLaOodUxrN+jIh/AUdLkNlPF9OOAweT1C3qQRrwX1R9gO+a4kNmmrxekbjCXGzQonxs/IapfG6miHKPNgDA==",
      "dev": true,
      "requires": {
        "@cleavera/utils": "^2.4.0"
      },
      "dependencies": {
        "@cleavera/utils": {
          "version": "2.6.0",
          "resolved": "https://registry.npmjs.org/@cleavera/utils/-/utils-2.6.0.tgz",
          "integrity": "sha512-VDtO/YLuwq1shGV7nUHSbzR0X/QeRnvuBiowT1HtaB+2AmLfnWKv57SKaVWnTzSqy1+AzOYAF0U08AoWJUgtig==",
          "dev": true,
          "requires": {
            "uuid": "^3.3.2"
          }
        }
      }
    },
    "@skimp/router": {
      "version": "2.0.0",
      "resolved": "https://registry.npmjs.org/@skimp/router/-/router-2.0.0.tgz",
      "integrity": "sha512-gxg7m0HDiDx8ZYdutq2FhInN00C6R/7JtOdfzsR58KMXR4StqF2drresOFsOlxyEIoHfASdL7OTc8CwiCS6xdw==",
      "dev": true,
      "requires": {
        "@cleavera/utils": "^2.6.0",
        "uuid": "^3.3.2"
      },
      "dependencies": {
        "@cleavera/utils": {
          "version": "2.6.0",
          "resolved": "https://registry.npmjs.org/@cleavera/utils/-/utils-2.6.0.tgz",
          "integrity": "sha512-VDtO/YLuwq1shGV7nUHSbzR0X/QeRnvuBiowT1HtaB+2AmLfnWKv57SKaVWnTzSqy1+AzOYAF0U08AoWJUgtig==",
          "dev": true,
          "requires": {
            "uuid": "^3.3.2"
          }
        }
      }
    },
    "@skimp/schema": {
      "version": "2.5.0",
      "resolved": "https://registry.npmjs.org/@skimp/schema/-/schema-2.5.0.tgz",
      "integrity": "sha512-DQn5qmCy/AWb/Q5/O25m2nPiQTahHq15n9dcjeygC38+rNPI1evOewtNx1Vdt0UIB5/PmVkHcjLkeTY8S6ar0w==",
      "dev": true,
      "requires": {
        "@cleavera/utils": "^2.6.0"
      },
      "dependencies": {
        "@cleavera/utils": {
          "version": "2.6.0",
          "resolved": "https://registry.npmjs.org/@cleavera/utils/-/utils-2.6.0.tgz",
          "integrity": "sha512-VDtO/YLuwq1shGV7nUHSbzR0X/QeRnvuBiowT1HtaB+2AmLfnWKv57SKaVWnTzSqy1+AzOYAF0U08AoWJUgtig==",
          "dev": true,
          "requires": {
            "uuid": "^3.3.2"
          }
        }
      }
    },
    "@types/node": {
      "version": "13.7.4",
      "resolved": "https://registry.npmjs.org/@types/node/-/node-13.7.4.tgz",
      "integrity": "sha512-oVeL12C6gQS/GAExndigSaLxTrKpQPxewx9bOcwfvJiJge4rr7wNaph4J+ns5hrmIV2as5qxqN8YKthn9qh0jw==",
      "dev": true
    },
    "@types/uuid": {
      "version": "3.4.5",
      "resolved": "https://registry.npmjs.org/@types/uuid/-/uuid-3.4.5.tgz",
      "integrity": "sha512-MNL15wC3EKyw1VLF+RoVO4hJJdk9t/Hlv3rt1OL65Qvuadm4BYo6g9ZJQqoq7X8NBFSsQXgAujWciovh2lpVjA==",
      "dev": true,
      "requires": {
        "@types/node": "*"
      }
    },
    "typescript": {
      "version": "3.8.2",
      "resolved": "https://registry.npmjs.org/typescript/-/typescript-3.8.2.tgz",
      "integrity": "sha512-EgOVgL/4xfVrCMbhYKUQTdF37SQn4Iw73H5BgCrF1Abdun7Kwy/QZsE/ssAy0y4LxBbvua3PIbFsbRczWWnDdQ==",
      "dev": true
    },
    "uuid": {
      "version": "3.3.2",
      "resolved": "https://registry.npmjs.org/uuid/-/uuid-3.3.2.tgz",
      "integrity": "sha512-yXJmeNaw3DnnKAOKJE51sL/ZaYfWJRl1pK9dr19YFCu0ObS231AB1/LbqTKRAQ5kw8A90rA6fr4riOUpTZvQZA=="
    }
  }
}
